
Microsoft Visual Studio Solution File, Format Version 12.00
# Visual Studio Version 16
VisualStudioVersion = 16.0.29209.152
MinimumVisualStudioVersion = 10.0.40219.1
Project("{9A19103F-16F7-4668-BE54-9A1E7A4F7556}") = "ImcFamosFile.Tests", "tests\ImcFamosFile.Tests\ImcFamosFile.Tests.csproj", "{301EAA4B-A291-4710-B31A-898432C76452}"
EndProject
Project("{9A19103F-16F7-4668-BE54-9A1E7A4F7556}") = "ImcFamosFile", "src\ImcFamosFile\ImcFamosFile.csproj", "{D118AC5D-5788-4E0D-968B-F3458FE5FF82}"
EndProject
Project("{2150E333-8FDC-42A3-9474-1A3956D46DE8}") = "src", "src", "{AC82F300-C489-45C1-8E3C-543DE54717C3}"
EndProject
Project("{2150E333-8FDC-42A3-9474-1A3956D46DE8}") = "tests", "tests", "{E085CA47-1F72-4AB7-9437-EAD60F20B0AB}"
EndProject
Project("{2150E333-8FDC-42A3-9474-1A3956D46DE8}") = "Solution Items", "Solution Items", "{1B2C51C5-8F49-4934-A33C-EE47FD432357}"
	ProjectSection(SolutionItems) = preProject
		.appveyor.yml = .appveyor.yml
		.gitignore = .gitignore
		Directory.Build.props = Directory.Build.props
		Directory.Build.targets = Directory.Build.targets
		LICENSE.md = LICENSE.md
		README.md = README.md
	EndProjectSection
EndProject
Project("{2150E333-8FDC-42A3-9474-1A3956D46DE8}") = "sample", "sample", "{AD6AB257-9777-425D-95B7-EE6735F547C4}"
EndProject
Project("{9A19103F-16F7-4668-BE54-9A1E7A4F7556}") = "ImcFamosFileSample", "sample\ImcFamosFileSample\ImcFamosFileSample.csproj", "{769EAA77-F92E-4454-A39E-A8305CE4D71F}"
EndProject
Project("{9A19103F-16F7-4668-BE54-9A1E7A4F7556}") = "CraftedDataSample", "sample\CraftedDataSample\CraftedDataSample.csproj", "{4B1F72B9-A332-4F03-936D-1F0421E5A547}"
EndProject
Global
	GlobalSection(SolutionConfigurationPlatforms) = preSolution
		Debug|Any CPU = Debug|Any CPU
		Release|Any CPU = Release|Any CPU
	EndGlobalSection
	GlobalSection(ProjectConfigurationPlatforms) = postSolution
		{301EAA4B-A291-4710-B31A-898432C76452}.Debug|Any CPU.ActiveCfg = Debug|Any CPU
		{301EAA4B-A291-4710-B31A-898432C76452}.Debug|Any CPU.Build.0 = Debug|Any CPU
		{301EAA4B-A291-4710-B31A-898432C76452}.Release|Any CPU.ActiveCfg = Release|Any CPU
		{301EAA4B-A291-4710-B31A-898432C76452}.Release|Any CPU.Build.0 = Release|Any CPU
		{D118AC5D-5788-4E0D-968B-F3458FE5FF82}.Debug|Any CPU.ActiveCfg = Debug|Any CPU
		{D118AC5D-5788-4E0D-968B-F3458FE5FF82}.Debug|Any CPU.Build.0 = Debug|Any CPU
		{D118AC5D-5788-4E0D-968B-F3458FE5FF82}.Release|Any CPU.ActiveCfg = Release|Any CPU
		{D118AC5D-5788-4E0D-968B-F3458FE5FF82}.Release|Any CPU.Build.0 = Release|Any CPU
		{769EAA77-F92E-4454-A39E-A8305CE4D71F}.Debug|Any CPU.ActiveCfg = Debug|Any CPU
		{769EAA77-F92E-4454-A39E-A8305CE4D71F}.Debug|Any CPU.Build.0 = Debug|Any CPU
		{769EAA77-F92E-4454-A39E-A8305CE4D71F}.Release|Any CPU.ActiveCfg = Release|Any CPU
		{769EAA77-F92E-4454-A39E-A8305CE4D71F}.Release|Any CPU.Build.0 = Release|Any CPU
		{4B1F72B9-A332-4F03-936D-1F0421E5A547}.Debug|Any CPU.ActiveCfg = Debug|Any CPU
		{4B1F72B9-A332-4F03-936D-1F0421E5A547}.Debug|Any CPU.Build.0 = Debug|Any CPU
		{4B1F72B9-A332-4F03-936D-1F0421E5A547}.Release|Any CPU.ActiveCfg = Release|Any CPU
		{4B1F72B9-A332-4F03-936D-1F0421E5A547}.Release|Any CPU.Build.0 = Release|Any CPU
	EndGlobalSection
	GlobalSection(SolutionProperties) = preSolution
		HideSolutionNode = FALSE
	EndGlobalSection
	GlobalSection(NestedProjects) = preSolution
		{301EAA4B-A291-4710-B31A-898432C76452} = {E085CA47-1F72-4AB7-9437-EAD60F20B0AB}
		{D118AC5D-5788-4E0D-968B-F3458FE5FF82} = {AC82F300-C489-45C1-8E3C-543DE54717C3}
		{769EAA77-F92E-4454-A39E-A8305CE4D71F} = {AD6AB257-9777-425D-95B7-EE6735F547C4}
		{4B1F72B9-A332-4F03-936D-1F0421E5A547} = {AD6AB257-9777-425D-95B7-EE6735F547C4}
	EndGlobalSection
	GlobalSection(ExtensibilityGlobals) = postSolution
		SolutionGuid = {25D7C7A7-C0F1-4510-9EEA-F93FB69CFCB4}
	EndGlobalSection
EndGlobal
